PODS:
  - Base64 (1.1.2)
  - boost-for-react-native (1.63.0)
  - CodePush (5.4.1):
    - Base64 (~> 1.1)
    - JWT (~> 3.0.0-beta.7)
    - React
    - SSZipArchive (~> 2.1)
  - Crashlytics (3.10.5):
    - Fabric (~> 1.7.9)
  - DoubleConversion (1.1.5)
  - Fabric (1.7.9)
  - Firebase/Analytics (5.5.0):
    - Firebase/Core
  - Firebase/Core (5.5.0):
    - Firebase/CoreOnly
    - FirebaseAnalytics (= 5.1.0)
  - Firebase/CoreOnly (5.5.0):
    - FirebaseCore (= 5.1.0)
  - Firebase/Messaging (5.5.0):
    - Firebase/CoreOnly
    - FirebaseMessaging (= 3.1.0)
  - Firebase/Performance (5.5.0):
    - Firebase/Core
    - FirebasePerformance (= 2.1.0)
  - Firebase/RemoteConfig (5.5.0):
    - Firebase/Core
    - FirebaseRemoteConfig (= 3.0.1)
  - FirebaseABTesting (2.0.0):
    - FirebaseCore (~> 5.0)
    - Protobuf (~> 3.5)
  - FirebaseAnalytics (5.1.0):
    - FirebaseCore (~> 5.1)
    - FirebaseInstanceID (~> 3.2)
    - GoogleAppMeasurement (~> 5.1)
    - GoogleUtilities/AppDelegateSwizzler (~> 5.2.0)
    - GoogleUtilities/MethodSwizzler (~> 5.2.0)
    - GoogleUtilities/Network (~> 5.2)
    - "GoogleUtilities/NSData+zlib (~> 5.2)"
    - nanopb (~> 0.3)
  - FirebaseCore (5.1.0):
    - GoogleUtilities/Logger (~> 5.2)
  - FirebaseInstanceID (3.2.0):
    - FirebaseCore (~> 5.1)
    - GoogleUtilities/Environment (~> 5.2)
  - FirebaseMessaging (3.1.0):
    - FirebaseCore (~> 5.0)
    - FirebaseInstanceID (~> 3.0)
    - GoogleUtilities/Reachability (~> 5.2)
    - Protobuf (~> 3.1)
  - FirebasePerformance (2.1.0):
    - FirebaseAnalytics (~> 5.1)
    - FirebaseInstanceID (~> 3.2)
    - GoogleToolboxForMac/Logger (~> 2.1)
    - "GoogleToolboxForMac/NSData+zlib (~> 2.1)"
    - GoogleUtilities/ISASwizzler (~> 5.2.0)
    - GoogleUtilities/MethodSwizzler (~> 5.2.0)
    - GTMSessionFetcher/Core (~> 1.1)
    - Protobuf (~> 3.5)
  - FirebaseRemoteConfig (3.0.1):
    - FirebaseABTesting (~> 2.0)
    - FirebaseAnalytics (~> 5.1)
    - FirebaseCore (~> 5.1)
    - FirebaseInstanceID (~> 3.2)
    - GoogleUtilities/Environment (~> 5.2)
    - "GoogleUtilities/NSData+zlib (~> 5.2)"
    - Protobuf (~> 3.5)
  - Folly (2016.10.31.00):
    - boost-for-react-native
    - DoubleConversion
    - glog
  - glog (0.3.4)
  - GoogleAppMeasurement (5.1.0):
    - GoogleUtilities/AppDelegateSwizzler (~> 5.2.0)
    - GoogleUtilities/MethodSwizzler (~> 5.2.0)
    - GoogleUtilities/Network (~> 5.2)
    - "GoogleUtilities/NSData+zlib (~> 5.2)"
    - nanopb (~> 0.3)
  - GoogleToolboxForMac/Defines (2.1.4)
  - GoogleToolboxForMac/Logger (2.1.4):
    - GoogleToolboxForMac/Defines (= 2.1.4)
  - "GoogleToolboxForMac/NSData+zlib (2.1.4)":
    - GoogleToolboxForMac/Defines (= 2.1.4)
  - GoogleUtilities/AppDelegateSwizzler (5.2.2):
    - GoogleUtilities/Environment
    - GoogleUtilities/Logger
    - GoogleUtilities/Network
  - GoogleUtilities/Environment (5.2.2)
  - GoogleUtilities/ISASwizzler (5.2.2)
  - GoogleUtilities/Logger (5.2.2):
    - GoogleUtilities/Environment
  - GoogleUtilities/MethodSwizzler (5.2.2):
    - GoogleUtilities/Logger
  - GoogleUtilities/Network (5.2.2):
    - GoogleUtilities/Logger
    - "GoogleUtilities/NSData+zlib"
    - GoogleUtilities/Reachability
  - "GoogleUtilities/NSData+zlib (5.2.2)"
  - GoogleUtilities/Reachability (5.2.2):
    - GoogleUtilities/Logger
  - GTMSessionFetcher/Core (1.2.0)
  - JWT (3.0.0-beta.11):
    - Base64 (~> 1.1.2)
  - nanopb (0.3.8):
    - nanopb/decode (= 0.3.8)
    - nanopb/encode (= 0.3.8)
  - nanopb/decode (0.3.8)
  - nanopb/encode (0.3.8)
  - Protobuf (3.6.1)
  - React (0.56.0):
    - React/Core (= 0.56.0)
  - React/Core (0.56.0):
    - yoga (= 0.56.0.React)
  - React/CxxBridge (0.56.0):
    - Folly (= 2016.10.31.00)
    - React/Core
    - React/cxxreact
  - React/cxxreact (0.56.0):
    - boost-for-react-native (= 1.63.0)
    - Folly (= 2016.10.31.00)
    - React/jschelpers
    - React/jsinspector
  - React/DevSupport (0.56.0):
    - React/Core
    - React/RCTWebSocket
  - React/fishhook (0.56.0)
  - React/jschelpers (0.56.0):
    - Folly (= 2016.10.31.00)
    - React/PrivateDatabase
  - React/jsinspector (0.56.0)
  - React/PrivateDatabase (0.56.0)
  - React/RCTActionSheet (0.56.0):
    - React/Core
  - React/RCTAnimation (0.56.0):
    - React/Core
  - React/RCTBlob (0.56.0):
    - React/Core
  - React/RCTCameraRoll (0.56.0):
    - React/Core
    - React/RCTImage
  - React/RCTGeolocation (0.56.0):
    - React/Core
  - React/RCTImage (0.56.0):
    - React/Core
    - React/RCTNetwork
  - React/RCTLinkingIOS (0.56.0):
    - React/Core
  - React/RCTNetwork (0.56.0):
    - React/Core
  - React/RCTPushNotification (0.56.0):
    - React/Core
  - React/RCTSettings (0.56.0):
    - React/Core
  - React/RCTText (0.56.0):
    - React/Core
  - React/RCTVibration (0.56.0):
    - React/Core
  - React/RCTWebSocket (0.56.0):
    - React/Core
    - React/fishhook
    - React/RCTBlob
  - RNFirebase (4.3.8):
    - Firebase/Core
    - React
  - RNGestureHandler (1.0.7):
    - React
  - SSZipArchive (2.1.3)
  - yoga (0.56.0.React)

DEPENDENCIES:
  - CodePush (from `../node_modules/react-native-code-push`)
  - Crashlytics (~> 3.10.2)
  - DoubleConversion (from `../node_modules/react-native/third-party-podspecs/DoubleConversion.podspec`)
  - Fabric (~> 1.7.7)
  - Firebase/Analytics (~> 5.5.0)
  - Firebase/Core (~> 5.5.0)
  - Firebase/Messaging (~> 5.5.0)
  - Firebase/Performance (~> 5.5.0)
  - Firebase/RemoteConfig (~> 5.5.0)
  - Folly (from `../node_modules/react-native/third-party-podspecs/Folly.podspec`)
  - glog (from `../node_modules/react-native/third-party-podspecs/glog.podspec`)
  - React/Core (from `../node_modules/react-native`)
  - React/CxxBridge (from `../node_modules/react-native`)
  - React/DevSupport (from `../node_modules/react-native`)
  - React/RCTActionSheet (from `../node_modules/react-native`)
  - React/RCTAnimation (from `../node_modules/react-native`)
  - React/RCTCameraRoll (from `../node_modules/react-native`)
  - React/RCTGeolocation (from `../node_modules/react-native`)
  - React/RCTImage (from `../node_modules/react-native`)
  - React/RCTLinkingIOS (from `../node_modules/react-native`)
  - React/RCTNetwork (from `../node_modules/react-native`)
  - React/RCTPushNotification (from `../node_modules/react-native`)
  - React/RCTSettings (from `../node_modules/react-native`)
  - React/RCTText (from `../node_modules/react-native`)
  - React/RCTVibration (from `../node_modules/react-native`)
  - React/RCTWebSocket (from `../node_modules/react-native`)
  - RNFirebase (from `../node_modules/react-native-firebase/ios`)
  - RNGestureHandler (from `../node_modules/react-native-gesture-handler/ios`)
  - yoga (from `../node_modules/react-native/ReactCommon/yoga/yoga.podspec`)

SPEC REPOS:
  https://github.com/cocoapods/specs.git:
    - Base64
    - boost-for-react-native
    - Crashlytics
    - Fabric
    - Firebase
    - FirebaseABTesting
    - FirebaseAnalytics
    - FirebaseCore
    - FirebaseInstanceID
    - FirebaseMessaging
    - FirebasePerformance
    - FirebaseRemoteConfig
    - GoogleAppMeasurement
    - GoogleToolboxForMac
    - GoogleUtilities
    - GTMSessionFetcher
    - JWT
    - nanopb
    - Protobuf
    - SSZipArchive

EXTERNAL SOURCES:
  CodePush:
    :path: "../node_modules/react-native-code-push"
  DoubleConversion:
    :podspec: "../node_modules/react-native/third-party-podspecs/DoubleConversion.podspec"
  Folly:
    :podspec: "../node_modules/react-native/third-party-podspecs/Folly.podspec"
  glog:
    :podspec: "../node_modules/react-native/third-party-podspecs/glog.podspec"
  React:
    :path: "../node_modules/react-native"
  RNFirebase:
    :path: "../node_modules/react-native-firebase/ios"
  RNGestureHandler:
    :path: "../node_modules/react-native-gesture-handler/ios"
  yoga:
    :path: "../node_modules/react-native/ReactCommon/yoga/yoga.podspec"

SPEC CHECKSUMS:
  Base64: cecfb41a004124895a7bcee567a89bae5a89d49b
  boost-for-react-native: 39c7adb57c4e60d6c5479dd8623128eb5b3f0f2c
  CodePush: f6b348759cdc42c734d9c3a46ceb2997c270b12e
  Crashlytics: 7f2e38d302d9da96475b3d64d86fb29e31a542b7
  DoubleConversion: a9706f16e388b53ff12cca34473428ee29746a26
  Fabric: a2917d3895e4c1569b9c3170de7320ea1b1e6661
  Firebase: 8c957f9cb3852b519180fb378801b7eeeba4d288
  FirebaseABTesting: 1f50b8d50f5e3469eea54e7463a7b7fe221d1f5e
  FirebaseAnalytics: d4a260c114aec0d765ab5b9c404ac63de1d29381
  FirebaseCore: ee4b35cf8c8e781da296cc7c15125e4608bb954d
  FirebaseInstanceID: 8cd2c6cfe7b9ab65ce7e248f6da7f26f6775b9be
  FirebaseMessaging: f67b3719f520ee200da0e20ce577fe2bce0c01d0
  FirebasePerformance: 1d3354c505dd54f3b4b4b42d681683c0cdad4311
  FirebaseRemoteConfig: 7b6d675dfb11f0e0e638caee00908b06af150d56
  Folly: c89ac2d5c6ab169cd7397ef27485c44f35f742c7
  glog: b3b0330915eccea41c5cc9731a77cf564a9be5ea
  GoogleAppMeasurement: e785bdb86d3d280abc778156cec323a975f11d1d
  GoogleToolboxForMac: 91c824d21e85b31c2aae9bb011c5027c9b4e738f
  GoogleUtilities: 06b66f9567769a7958db20a92f0128b2843e49d5
  GTMSessionFetcher: 0c4baf0a73acd0041bf9f71ea018deedab5ea84e
  JWT: 05028b9624591bba9681bb57df2c5f95fa258bad
  nanopb: 5601e6bca2dbf1ed831b519092ec110f66982ca3
  Protobuf: 1eb9700044745f00181c136ef21b8ff3ad5a0fd5
  React: 1fe0eb13d90b625d94c3b117c274dcfd2e760e11
  RNFirebase: 2b25fd2e60269f26bb0a76c71dcc942b35a77df0
  RNGestureHandler: 968e4453152673aedcbbb7c1ada6700c214cea7a
  SSZipArchive: 51a800ebb77f95a8329b6ced1faaff394b47f509
  yoga: b1ce48b6cf950b98deae82838f5173ea7cf89e85

PODFILE CHECKSUM: f68e74ba36168f0922bcdc1972408c19d8ca4bcc

COCOAPODS: 1.5.3
